
Microsoft Visual Studio Solution File, Format Version 12.00
# Visual Studio Version 17
VisualStudioVersion = 17.3.32825.248
MinimumVisualStudioVersion = 10.0.40219.1
Project("{FAE04EC0-301F-11D3-BF4B-00C04F79EFBC}") = "Personalitates tests MBTI", "Personalitates tests MBTI.csproj", "{FE7CDCC9-C48C-4850-93CB-5ED96561670B}"
EndProject
Global
	GlobalSection(SolutionConfigurationPlatforms) = preSolution
		Debug|Any CPU = Debug|Any CPU
		Release|Any CPU = Release|Any CPU
	EndGlobalSection
	GlobalSection(ProjectConfigurationPlatforms) = postSolution
		{FE7CDCC9-C48C-4850-93CB-5ED96561670B}.Debug|Any CPU.ActiveCfg = Debug|Any CPU
		{FE7CDCC9-C48C-4850-93CB-5ED96561670B}.Debug|Any CPU.Build.0 = Debug|Any CPU
		{FE7CDCC9-C48C-4850-93CB-5ED96561670B}.Release|Any CPU.ActiveCfg = Release|Any CPU
		{FE7CDCC9-C48C-4850-93CB-5ED96561670B}.Release|Any CPU.Build.0 = Release|Any CPU
	EndGlobalSection
	GlobalSection(SolutionProperties) = preSolution
		HideSolutionNode = FALSE
	EndGlobalSection
	GlobalSection(ExtensibilityGlobals) = postSolution
		SolutionGuid = {35025840-3E97-4E50-A03B-B9620014FAF4}
	EndGlobalSection
EndGlobal
